
Microsoft Visual Studio Solution File, Format Version 12.00
# Visual Studio Express 2012 for Web
Project("{FAE04EC0-301F-11D3-BF4B-00C04F79EFBC}") = "WhatIsValidateAntiForgeryToken", "WhatIsValidateAntiForgeryToken\WhatIsValidateAntiForgeryToken.csproj", "{8FD100BB-52CE-4779-A8AE-05F30E75E35D}"
EndProject
Project("{FAE04EC0-301F-11D3-BF4B-00C04F79EFBC}") = "DoingCsrfHack", "DoingCsrfHack\DoingCsrfHack.csproj", "{C9C39C8C-3F85-452E-9CAD-1AE0CD1AE036}"
EndProject
Global
	GlobalSection(SolutionConfigurationPlatforms) = preSolution
		Debug|Any CPU = Debug|Any CPU
		Release|Any CPU = Release|Any CPU
	EndGlobalSection
	GlobalSection(ProjectConfigurationPlatforms) = postSolution
		{8FD100BB-52CE-4779-A8AE-05F30E75E35D}.Debug|Any CPU.ActiveCfg = Debug|Any CPU
		{8FD100BB-52CE-4779-A8AE-05F30E75E35D}.Debug|Any CPU.Build.0 = Debug|Any CPU
		{8FD100BB-52CE-4779-A8AE-05F30E75E35D}.Release|Any CPU.ActiveCfg = Release|Any CPU
		{8FD100BB-52CE-4779-A8AE-05F30E75E35D}.Release|Any CPU.Build.0 = Release|Any CPU
		{C9C39C8C-3F85-452E-9CAD-1AE0CD1AE036}.Debug|Any CPU.ActiveCfg = Debug|Any CPU
		{C9C39C8C-3F85-452E-9CAD-1AE0CD1AE036}.Debug|Any CPU.Build.0 = Debug|Any CPU
		{C9C39C8C-3F85-452E-9CAD-1AE0CD1AE036}.Release|Any CPU.ActiveCfg = Release|Any CPU
		{C9C39C8C-3F85-452E-9CAD-1AE0CD1AE036}.Release|Any CPU.Build.0 = Release|Any CPU
	EndGlobalSection
	GlobalSection(SolutionProperties) = preSolution
		HideSolutionNode = FALSE
	EndGlobalSection
EndGlobal
